{
  "object": {
    "pins": [
      {
        "package": "secp256k1",
        "repositoryURL": "https://github.com/GigaBitcoin/secp256k1.swift.git",
        "state": {
          "branch": null,
          "revision": "48fb20fce4ca3aad89180448a127d5bc16f0e44c",
          "version": "0.10.0"
        }
      }
    ]
  },
  "version": 1
}
